
Microsoft Visual Studio Solution File, Format Version 12.00
# Visual Studio Version 17
VisualStudioVersion = 17.8.34309.116
MinimumVisualStudioVersion = 10.0.40219.1
Project("{9A19103F-16F7-4668-BE54-9A1E7A4F7556}") = "ExcelSugar.Core", "src\ExcelSugar.Core\ExcelSugar.Core.csproj", "{A0BCC7D2-B84C-471D-8857-CCE5663D38F3}"
EndProject
Project("{9A19103F-16F7-4668-BE54-9A1E7A4F7556}") = "ExcelSugar.Npoi", "src\ExcelSugar.Npoi\ExcelSugar.Npoi.csproj", "{39F39F5B-CE99-4AC4-BF82-937027A15B76}"
EndProject
Project("{2150E333-8FDC-42A3-9474-1A3956D46DE8}") = "src", "src", "{83EC7E20-13D9-4FCA-A8EC-C9777FE6ED5D}"
EndProject
Project("{2150E333-8FDC-42A3-9474-1A3956D46DE8}") = "test", "test", "{90A27EE8-DD00-4680-8A6F-9E446C8192E1}"
EndProject
Project("{9A19103F-16F7-4668-BE54-9A1E7A4F7556}") = "ExcelSugar.Npoi.Test", "test\ExcelSugar.Npoi.Test\ExcelSugar.Npoi.Test.csproj", "{D8DF6929-84BA-403B-ABAB-A30BE6602403}"
EndProject
Project("{9A19103F-16F7-4668-BE54-9A1E7A4F7556}") = "ExcelSugar.AspNetCore", "src\ExcelSugar.AspNetCore\ExcelSugar.AspNetCore.csproj", "{4643F228-18DF-4A8E-938F-0E26281F4874}"
EndProject
Project("{2150E333-8FDC-42A3-9474-1A3956D46DE8}") = "Solution Items", "Solution Items", "{2042E451-BA99-488A-9C1A-17C4A7B8369D}"
	ProjectSection(SolutionItems) = preProject
		src\Builder.props = src\Builder.props
	EndProjectSection
EndProject
Global
	GlobalSection(SolutionConfigurationPlatforms) = preSolution
		Debug|Any CPU = Debug|Any CPU
		Release|Any CPU = Release|Any CPU
	EndGlobalSection
	GlobalSection(ProjectConfigurationPlatforms) = postSolution
		{A0BCC7D2-B84C-471D-8857-CCE5663D38F3}.Debug|Any CPU.ActiveCfg = Debug|Any CPU
		{A0BCC7D2-B84C-471D-8857-CCE5663D38F3}.Debug|Any CPU.Build.0 = Debug|Any CPU
		{A0BCC7D2-B84C-471D-8857-CCE5663D38F3}.Release|Any CPU.ActiveCfg = Release|Any CPU
		{A0BCC7D2-B84C-471D-8857-CCE5663D38F3}.Release|Any CPU.Build.0 = Release|Any CPU
		{39F39F5B-CE99-4AC4-BF82-937027A15B76}.Debug|Any CPU.ActiveCfg = Debug|Any CPU
		{39F39F5B-CE99-4AC4-BF82-937027A15B76}.Debug|Any CPU.Build.0 = Debug|Any CPU
		{39F39F5B-CE99-4AC4-BF82-937027A15B76}.Release|Any CPU.ActiveCfg = Release|Any CPU
		{39F39F5B-CE99-4AC4-BF82-937027A15B76}.Release|Any CPU.Build.0 = Release|Any CPU
		{D8DF6929-84BA-403B-ABAB-A30BE6602403}.Debug|Any CPU.ActiveCfg = Debug|Any CPU
		{D8DF6929-84BA-403B-ABAB-A30BE6602403}.Debug|Any CPU.Build.0 = Debug|Any CPU
		{D8DF6929-84BA-403B-ABAB-A30BE6602403}.Release|Any CPU.ActiveCfg = Release|Any CPU
		{D8DF6929-84BA-403B-ABAB-A30BE6602403}.Release|Any CPU.Build.0 = Release|Any CPU
		{4643F228-18DF-4A8E-938F-0E26281F4874}.Debug|Any CPU.ActiveCfg = Debug|Any CPU
		{4643F228-18DF-4A8E-938F-0E26281F4874}.Debug|Any CPU.Build.0 = Debug|Any CPU
		{4643F228-18DF-4A8E-938F-0E26281F4874}.Release|Any CPU.ActiveCfg = Release|Any CPU
		{4643F228-18DF-4A8E-938F-0E26281F4874}.Release|Any CPU.Build.0 = Release|Any CPU
	EndGlobalSection
	GlobalSection(SolutionProperties) = preSolution
		HideSolutionNode = FALSE
	EndGlobalSection
	GlobalSection(NestedProjects) = preSolution
		{A0BCC7D2-B84C-471D-8857-CCE5663D38F3} = {83EC7E20-13D9-4FCA-A8EC-C9777FE6ED5D}
		{39F39F5B-CE99-4AC4-BF82-937027A15B76} = {83EC7E20-13D9-4FCA-A8EC-C9777FE6ED5D}
		{D8DF6929-84BA-403B-ABAB-A30BE6602403} = {90A27EE8-DD00-4680-8A6F-9E446C8192E1}
		{4643F228-18DF-4A8E-938F-0E26281F4874} = {83EC7E20-13D9-4FCA-A8EC-C9777FE6ED5D}
	EndGlobalSection
	GlobalSection(ExtensibilityGlobals) = postSolution
		SolutionGuid = {AFCC0650-D775-4225-AE36-C595E5D3DD5F}
	EndGlobalSection
EndGlobal
